
Microsoft Visual Studio Solution File, Format Version 12.00
# Visual Studio 15
VisualStudioVersion = 15.0.27130.2036
MinimumVisualStudioVersion = 10.0.40219.1
Project("{FAE04EC0-301F-11D3-BF4B-00C04F79EFBC}") = "DatabaseFirstDemo", "DatabaseFirstDemo\DatabaseFirstDemo.csproj", "{216AC181-5D69-4A67-BD09-EC10DC28B70C}"
EndProject
Project("{FAE04EC0-301F-11D3-BF4B-00C04F79EFBC}") = "CodeFirstDemo", "CodeFirstDemo\CodeFirstDemo.csproj", "{4F0D3A5B-C5F6-41A2-AB23-EC6D9DA5F94E}"
EndProject
Project("{FAE04EC0-301F-11D3-BF4B-00C04F79EFBC}") = "DbFirst", "DbFirst\DbFirst.csproj", "{79CD8A11-58A3-4379-8A47-FFBFC6B6846B}"
EndProject
Project("{FAE04EC0-301F-11D3-BF4B-00C04F79EFBC}") = "CodeFirstNewDatabase", "CodeFirstNewDatabase\CodeFirstNewDatabase.csproj", "{AE193465-A91F-4D9A-9EFC-2CBB23558865}"
EndProject
Project("{FAE04EC0-301F-11D3-BF4B-00C04F79EFBC}") = "CodeFirstWithExistingDatabse", "CodeFirstWithExistingDatabse\CodeFirstWithExistingDatabse.csproj", "{8437CA0B-D685-4621-BB9E-63284F95A280}"
EndProject
Project("{FAE04EC0-301F-11D3-BF4B-00C04F79EFBC}") = "DataAnnotations", "DataAnnotations\DataAnnotations.csproj", "{7B1E1D54-AEF3-414A-A2CE-5D18D57EA8D9}"
EndProject
Project("{FAE04EC0-301F-11D3-BF4B-00C04F79EFBC}") = "FluentAPI", "FluentAPI\FluentAPI.csproj", "{001F560B-1EA8-44DD-A224-2E417848D86B}"
EndProject
Project("{FAE04EC0-301F-11D3-BF4B-00C04F79EFBC}") = "Queries", "Queries\Queries.csproj", "{D1776DED-C59A-4F8A-8C31-96EAE15BDF5A}"
EndProject
Project("{FAE04EC0-301F-11D3-BF4B-00C04F79EFBC}") = "Repository", "Repository\Repository.csproj", "{D98F0D38-6076-46A8-A693-006F8CF0E325}"
EndProject
Global
	GlobalSection(SolutionConfigurationPlatforms) = preSolution
		Debug|Any CPU = Debug|Any CPU
		Release|Any CPU = Release|Any CPU
	EndGlobalSection
	GlobalSection(ProjectConfigurationPlatforms) = postSolution
		{216AC181-5D69-4A67-BD09-EC10DC28B70C}.Debug|Any CPU.ActiveCfg = Debug|Any CPU
		{216AC181-5D69-4A67-BD09-EC10DC28B70C}.Debug|Any CPU.Build.0 = Debug|Any CPU
		{216AC181-5D69-4A67-BD09-EC10DC28B70C}.Release|Any CPU.ActiveCfg = Release|Any CPU
		{216AC181-5D69-4A67-BD09-EC10DC28B70C}.Release|Any CPU.Build.0 = Release|Any CPU
		{4F0D3A5B-C5F6-41A2-AB23-EC6D9DA5F94E}.Debug|Any CPU.ActiveCfg = Debug|Any CPU
		{4F0D3A5B-C5F6-41A2-AB23-EC6D9DA5F94E}.Debug|Any CPU.Build.0 = Debug|Any CPU
		{4F0D3A5B-C5F6-41A2-AB23-EC6D9DA5F94E}.Release|Any CPU.ActiveCfg = Release|Any CPU
		{4F0D3A5B-C5F6-41A2-AB23-EC6D9DA5F94E}.Release|Any CPU.Build.0 = Release|Any CPU
		{79CD8A11-58A3-4379-8A47-FFBFC6B6846B}.Debug|Any CPU.ActiveCfg = Debug|Any CPU
		{79CD8A11-58A3-4379-8A47-FFBFC6B6846B}.Debug|Any CPU.Build.0 = Debug|Any CPU
		{79CD8A11-58A3-4379-8A47-FFBFC6B6846B}.Release|Any CPU.ActiveCfg = Release|Any CPU
		{79CD8A11-58A3-4379-8A47-FFBFC6B6846B}.Release|Any CPU.Build.0 = Release|Any CPU
		{AE193465-A91F-4D9A-9EFC-2CBB23558865}.Debug|Any CPU.ActiveCfg = Debug|Any CPU
		{AE193465-A91F-4D9A-9EFC-2CBB23558865}.Debug|Any CPU.Build.0 = Debug|Any CPU
		{AE193465-A91F-4D9A-9EFC-2CBB23558865}.Release|Any CPU.ActiveCfg = Release|Any CPU
		{AE193465-A91F-4D9A-9EFC-2CBB23558865}.Release|Any CPU.Build.0 = Release|Any CPU
		{8437CA0B-D685-4621-BB9E-63284F95A280}.Debug|Any CPU.ActiveCfg = Debug|Any CPU
		{8437CA0B-D685-4621-BB9E-63284F95A280}.Debug|Any CPU.Build.0 = Debug|Any CPU
		{8437CA0B-D685-4621-BB9E-63284F95A280}.Release|Any CPU.ActiveCfg = Release|Any CPU
		{8437CA0B-D685-4621-BB9E-63284F95A280}.Release|Any CPU.Build.0 = Release|Any CPU
		{7B1E1D54-AEF3-414A-A2CE-5D18D57EA8D9}.Debug|Any CPU.ActiveCfg = Debug|Any CPU
		{7B1E1D54-AEF3-414A-A2CE-5D18D57EA8D9}.Debug|Any CPU.Build.0 = Debug|Any CPU
		{7B1E1D54-AEF3-414A-A2CE-5D18D57EA8D9}.Release|Any CPU.ActiveCfg = Release|Any CPU
		{7B1E1D54-AEF3-414A-A2CE-5D18D57EA8D9}.Release|Any CPU.Build.0 = Release|Any CPU
		{001F560B-1EA8-44DD-A224-2E417848D86B}.Debug|Any CPU.ActiveCfg = Debug|Any CPU
		{001F560B-1EA8-44DD-A224-2E417848D86B}.Debug|Any CPU.Build.0 = Debug|Any CPU
		{001F560B-1EA8-44DD-A224-2E417848D86B}.Release|Any CPU.ActiveCfg = Release|Any CPU
		{001F560B-1EA8-44DD-A224-2E417848D86B}.Release|Any CPU.Build.0 = Release|Any CPU
		{D1776DED-C59A-4F8A-8C31-96EAE15BDF5A}.Debug|Any CPU.ActiveCfg = Debug|Any CPU
		{D1776DED-C59A-4F8A-8C31-96EAE15BDF5A}.Debug|Any CPU.Build.0 = Debug|Any CPU
		{D1776DED-C59A-4F8A-8C31-96EAE15BDF5A}.Release|Any CPU.ActiveCfg = Release|Any CPU
		{D1776DED-C59A-4F8A-8C31-96EAE15BDF5A}.Release|Any CPU.Build.0 = Release|Any CPU
		{D98F0D38-6076-46A8-A693-006F8CF0E325}.Debug|Any CPU.ActiveCfg = Debug|Any CPU
		{D98F0D38-6076-46A8-A693-006F8CF0E325}.Debug|Any CPU.Build.0 = Debug|Any CPU
		{D98F0D38-6076-46A8-A693-006F8CF0E325}.Release|Any CPU.ActiveCfg = Release|Any CPU
		{D98F0D38-6076-46A8-A693-006F8CF0E325}.Release|Any CPU.Build.0 = Release|Any CPU
	EndGlobalSection
	GlobalSection(SolutionProperties) = preSolution
		HideSolutionNode = FALSE
	EndGlobalSection
	GlobalSection(ExtensibilityGlobals) = postSolution
		SolutionGuid = {4CCA1AA9-BA3F-42A0-8D03-9B78691A61A1}
	EndGlobalSection
EndGlobal
